{
    "name": "42TestTask",
    "version": "0.0.1",
    "lockfileVersion": 3,
    "requires": true,
    "packages": {
        "": {
            "name": "42TestTask",
            "version": "0.0.1",
            "dependencies": {
                "@42flows/custom-node-visa-api": "^0.1.20"
            }
        },
        "node_modules/@42flows/custom-node-visa-api": {
            "version": "0.1.20",
            "resolved": "https://registry.npmjs.org/@42flows/custom-node-visa-api/-/custom-node-visa-api-0.1.20.tgz",
            "integrity": "sha512-WlsgN0XxDZINfsydLWQPDeCci1mMQIxCuigHNWNjFBHJ3Zca3VYAg1gB5rrc5h75bMZjbUasKfw2rz7SZGXGuQ==",
            "dependencies": {
                "axios": "0.26.1",
                "crypto": "1.0.1"
            }
        },
        "node_modules/axios": {
            "version": "0.26.1",
            "resolved": "https://registry.npmjs.org/axios/-/axios-0.26.1.tgz",
            "integrity": "sha512-fPwcX4EvnSHuInCMItEhAGnaSEXRBjtzh9fOtsE6E1G6p7vl7edEeZe11QHf18+6+9gR5PbKV/sGKNaD8YaMeA==",
            "dependencies": {
                "follow-redirects": "^1.14.8"
            }
        },
        "node_modules/crypto": {
            "version": "1.0.1",
            "resolved": "https://registry.npmjs.org/crypto/-/crypto-1.0.1.tgz",
            "integrity": "sha512-VxBKmeNcqQdiUQUW2Tzq0t377b54N2bMtXO/qiLa+6eRRmmC4qT3D4OnTGoT/U6O9aklQ/jTwbOtRMTTY8G0Ig==",
            "deprecated": "This package is no longer supported. It's now a built-in Node module. If you've depended on crypto, you should switch to the one that's built-in."
        },
        "node_modules/follow-redirects": {
            "version": "1.15.2",
            "resolved": "https://registry.npmjs.org/follow-redirects/-/follow-redirects-1.15.2.tgz",
            "integrity": "sha512-VQLG33o04KaQ8uYi2tVNbdrWp1QWxNNea+nmIB4EVM28v0hmP17z7aG1+wAkNzVq4KeXTq3221ye5qTJP91JwA==",
            "funding": [
                {
                    "type": "individual",
                    "url": "https://github.com/sponsors/RubenVerborgh"
                }
            ],
            "engines": {
                "node": ">=4.0"
            },
            "peerDependenciesMeta": {
                "debug": {
                    "optional": true
                }
            }
        }
    }
}
